// !$*UTF8*$!
{
	archiveVersion = 1;
	classes = {
	};
	objectVersion = 46;
	objects = {

/* Begin PBXBuildFile section */
		8AA9F6DD1EFB6DD7007EB173 /* AppDelegate.swift in Sources */ = {isa = PBXBuildFile; fileRef = 8AA9F6DC1EFB6DD7007EB173 /* AppDelegate.swift */; };
		8AA9F6DF1EFB6DD7007EB173 /* LoginViewController.swift in Sources */ = {isa = PBXBuildFile; fileRef = 8AA9F6DE1EFB6DD7007EB173 /* LoginViewController.swift */; };
		8AA9F6E21EFB6DD7007EB173 /* Main.storyboard in Resources */ = {isa = PBXBuildFile; fileRef = 8AA9F6E01EFB6DD7007EB173 /* Main.storyboard */; };
		8AA9F6E41EFB6DD7007EB173 /* Assets.xcassets in Resources */ = {isa = PBXBuildFile; fileRef = 8AA9F6E31EFB6DD7007EB173 /* Assets.xcassets */; };
		8AA9F6E71EFB6DD7007EB173 /* LaunchScreen.storyboard in Resources */ = {isa = PBXBuildFile; fileRef = 8AA9F6E51EFB6DD7007EB173 /* LaunchScreen.storyboard */; };
		8AA9F6EF1EFB6E51007EB173 /* Constants.swift in Sources */ = {isa = PBXBuildFile; fileRef = 8AA9F6EE1EFB6E51007EB173 /* Constants.swift */; };
		8AA9F6F61EFB7002007EB173 /* Client.swift in Sources */ = {isa = PBXBuildFile; fileRef = 8AA9F6F51EFB7002007EB173 /* Client.swift */; };
		8AA9F6F91EFB7B63007EB173 /* ParseClient.swift in Sources */ = {isa = PBXBuildFile; fileRef = 8AA9F6F81EFB7B63007EB173 /* ParseClient.swift */; };
		8AA9F6FB1EFB817F007EB173 /* Types.swift in Sources */ = {isa = PBXBuildFile; fileRef = 8AA9F6FA1EFB817F007EB173 /* Types.swift */; };
/* End PBXBuildFile section */

/* Begin PBXFileReference section */
		8AA9F6D91EFB6DD7007EB173 /* On The Map.app */ = {isa = PBXFileReference; explicitFileType = wrapper.application; includeInIndex = 0; path = "On The Map.app"; sourceTree = BUILT_PRODUCTS_DIR; };
		8AA9F6DC1EFB6DD7007EB173 /* AppDelegate.swift */ = {isa = PBXFileReference; lastKnownFileType = sourcecode.swift; path = AppDelegate.swift; sourceTree = "<group>"; };
		8AA9F6DE1EFB6DD7007EB173 /* LoginViewController.swift */ = {isa = PBXFileReference; lastKnownFileType = sourcecode.swift; path = LoginViewController.swift; sourceTree = "<group>"; };
		8AA9F6E11EFB6DD7007EB173 /* Base */ = {isa = PBXFileReference; lastKnownFileType = file.storyboard; name = Base; path = Base.lproj/Main.storyboard; sourceTree = "<group>"; };
		8AA9F6E31EFB6DD7007EB173 /* Assets.xcassets */ = {isa = PBXFileReference; lastKnownFileType = folder.assetcatalog; path = Assets.xcassets; sourceTree = "<group>"; };
		8AA9F6E61EFB6DD7007EB173 /* Base */ = {isa = PBXFileReference; lastKnownFileType = file.storyboard; name = Base; path = Base.lproj/LaunchScreen.storyboard; sourceTree = "<group>"; };
		8AA9F6E81EFB6DD7007EB173 /* Info.plist */ = {isa = PBXFileReference; lastKnownFileType = text.plist.xml; path = Info.plist; sourceTree = "<group>"; };
		8AA9F6EE1EFB6E51007EB173 /* Constants.swift */ = {isa = PBXFileReference; fileEncoding = 4; lastKnownFileType = sourcecode.swift; path = Constants.swift; sourceTree = "<group>"; };
		8AA9F6F51EFB7002007EB173 /* Client.swift */ = {isa = PBXFileReference; fileEncoding = 4; lastKnownFileType = sourcecode.swift; path = Client.swift; sourceTree = "<group>"; };
		8AA9F6F81EFB7B63007EB173 /* ParseClient.swift */ = {isa = PBXFileReference; fileEncoding = 4; lastKnownFileType = sourcecode.swift; path = ParseClient.swift; sourceTree = "<group>"; };
		8AA9F6FA1EFB817F007EB173 /* Types.swift */ = {isa = PBXFileReference; fileEncoding = 4; lastKnownFileType = sourcecode.swift; path = Types.swift; sourceTree = "<group>"; };
/* End PBXFileReference section */

/* Begin PBXFrameworksBuildPhase section */
		8AA9F6D61EFB6DD7007EB173 /* Frameworks */ = {
			isa = PBXFrameworksBuildPhase;
			buildActionMask = 2147483647;
			files = (
			);
			runOnlyForDeploymentPostprocessing = 0;
		};
/* End PBXFrameworksBuildPhase section */

/* Begin PBXGroup section */
		8AA9F6D01EFB6DD7007EB173 = {
			isa = PBXGroup;
			children = (
				8AA9F6DB1EFB6DD7007EB173 /* On The Map */,
				8AA9F6DA1EFB6DD7007EB173 /* Products */,
			);
			sourceTree = "<group>";
		};
		8AA9F6DA1EFB6DD7007EB173 /* Products */ = {
			isa = PBXGroup;
			children = (
				8AA9F6D91EFB6DD7007EB173 /* On The Map.app */,
			);
			name = Products;
			sourceTree = "<group>";
		};
		8AA9F6DB1EFB6DD7007EB173 /* On The Map */ = {
			isa = PBXGroup;
			children = (
				8AA9F6F71EFB7B51007EB173 /* Model */,
				8AA9F6DC1EFB6DD7007EB173 /* AppDelegate.swift */,
				8AA9F6DE1EFB6DD7007EB173 /* LoginViewController.swift */,
				8AA9F6F41EFB6FDD007EB173 /* Supporting Documents */,
				8AA9F6F31EFB6FD3007EB173 /* Storyboards */,
				8AA9F6F21EFB6FC8007EB173 /* Assets */,
			);
			path = "On The Map";
			sourceTree = "<group>";
		};
		8AA9F6F21EFB6FC8007EB173 /* Assets */ = {
			isa = PBXGroup;
			children = (
				8AA9F6E31EFB6DD7007EB173 /* Assets.xcassets */,
			);
			name = Assets;
			sourceTree = "<group>";
		};
		8AA9F6F31EFB6FD3007EB173 /* Storyboards */ = {
			isa = PBXGroup;
			children = (
				8AA9F6E01EFB6DD7007EB173 /* Main.storyboard */,
				8AA9F6E51EFB6DD7007EB173 /* LaunchScreen.storyboard */,
			);
			name = Storyboards;
			sourceTree = "<group>";
		};
		8AA9F6F41EFB6FDD007EB173 /* Supporting Documents */ = {
			isa = PBXGroup;
			children = (
				8AA9F6E81EFB6DD7007EB173 /* Info.plist */,
			);
			name = "Supporting Documents";
			sourceTree = "<group>";
		};
		8AA9F6F71EFB7B51007EB173 /* Model */ = {
			isa = PBXGroup;
			children = (
				8AA9F6F51EFB7002007EB173 /* Client.swift */,
				8AA9F6F81EFB7B63007EB173 /* ParseClient.swift */,
				8AA9F6EE1EFB6E51007EB173 /* Constants.swift */,
				8AA9F6FA1EFB817F007EB173 /* Types.swift */,
			);
			name = Model;
			sourceTree = "<group>";
		};
/* End PBXGroup section */

/* Begin PBXNativeTarget section */
		8AA9F6D81EFB6DD7007EB173 /* On The Map */ = {
			isa = PBXNativeTarget;
			buildConfigurationList = 8AA9F6EB1EFB6DD7007EB173 /* Build configuration list for PBXNativeTarget "On The Map" */;
			buildPhases = (
				8AA9F6D51EFB6DD7007EB173 /* Sources */,
				8AA9F6D61EFB6DD7007EB173 /* Frameworks */,
				8AA9F6D71EFB6DD7007EB173 /* Resources */,
			);
			buildRules = (
			);
			dependencies = (
			);
			name = "On The Map";
			productName = "On The Map";
			productReference = 8AA9F6D91EFB6DD7007EB173 /* On The Map.app */;
			productType = "com.apple.product-type.application";
		};
/* End PBXNativeTarget section */

/* Begin PBXProject section */
		8AA9F6D11EFB6DD7007EB173 /* Project object */ = {
			isa = PBXProject;
			attributes = {
				LastSwiftUpdateCheck = 0830;
				LastUpgradeCheck = 0830;
				ORGANIZATIONNAME = "Javon Davis";
				TargetAttributes = {
					8AA9F6D81EFB6DD7007EB173 = {
						CreatedOnToolsVersion = 8.3.2;
						DevelopmentTeam = W52FYE629M;
						ProvisioningStyle = Automatic;
					};
				};
			};
			buildConfigurationList = 8AA9F6D41EFB6DD7007EB173 /* Build configuration list for PBXProject "On The Map" */;
			compatibilityVersion = "Xcode 3.2";
			developmentRegion = English;
			hasScannedForEncodings = 0;
			knownRegions = (
				en,
				Base,
			);
			mainGroup = 8AA9F6D01EFB6DD7007EB173;
			productRefGroup = 8AA9F6DA1EFB6DD7007EB173 /* Products */;
			projectDirPath = "";
			projectRoot = "";
			targets = (
				8AA9F6D81EFB6DD7007EB173 /* On The Map */,
			);
		};
/* End PBXProject section */

/* Begin PBXResourcesBuildPhase section */
		8AA9F6D71EFB6DD7007EB173 /* Resources */ = {
			isa = PBXResourcesBuildPhase;
			buildActionMask = 2147483647;
			files = (
				8AA9F6E71EFB6DD7007EB173 /* LaunchScreen.storyboard in Resources */,
				8AA9F6E41EFB6DD7007EB173 /* Assets.xcassets in Resources */,
				8AA9F6E21EFB6DD7007EB173 /* Main.storyboard in Resources */,
			);
			runOnlyForDeploymentPostprocessing = 0;
		};
/* End PBXResourcesBuildPhase section */

/* Begin PBXSourcesBuildPhase section */
		8AA9F6D51EFB6DD7007EB173 /* Sources */ = {
			isa = PBXSourcesBuildPhase;
			buildActionMask = 2147483647;
			files = (
				8AA9F6DF1EFB6DD7007EB173 /* LoginViewController.swift in Sources */,
				8AA9F6F91EFB7B63007EB173 /* ParseClient.swift in Sources */,
				8AA9F6DD1EFB6DD7007EB173 /* AppDelegate.swift in Sources */,
				8AA9F6FB1EFB817F007EB173 /* Types.swift in Sources */,
				8AA9F6F61EFB7002007EB173 /* Client.swift in Sources */,
				8AA9F6EF1EFB6E51007EB173 /* Constants.swift in Sources */,
			);
			runOnlyForDeploymentPostprocessing = 0;
		};
/* End PBXSourcesBuildPhase section */

/* Begin PBXVariantGroup section */
		8AA9F6E01EFB6DD7007EB173 /* Main.storyboard */ = {
			isa = PBXVariantGroup;
			children = (
				8AA9F6E11EFB6DD7007EB173 /* Base */,
			);
			name = Main.storyboard;
			sourceTree = "<group>";
		};
		8AA9F6E51EFB6DD7007EB173 /* LaunchScreen.storyboard */ = {
			isa = PBXVariantGroup;
			children = (
				8AA9F6E61EFB6DD7007EB173 /* Base */,
			);
			name = LaunchScreen.storyboard;
			sourceTree = "<group>";
		};
/* End PBXVariantGroup section */

/* Begin XCBuildConfiguration section */
		8AA9F6E91EFB6DD7007EB173 /* Debug */ = {
			isa = XCBuildConfiguration;
			buildSettings = {
				ALWAYS_SEARCH_USER_PATHS = NO;
				CLANG_ANALYZER_NONNULL = YES;
				CLANG_ANALYZER_NUMBER_OBJECT_CONVERSION = YES_AGGRESSIVE;
				CLANG_CXX_LANGUAGE_STANDARD = "gnu++0x";
				CLANG_CXX_LIBRARY = "libc++";
				CLANG_ENABLE_MODULES = YES;
				CLANG_ENABLE_OBJC_ARC = YES;
				CLANG_WARN_BOOL_CONVERSION = YES;
				CLANG_WARN_CONSTANT_CONVERSION = YES;
				CLANG_WARN_DIRECT_OBJC_ISA_USAGE = YES_ERROR;
				CLANG_WARN_DOCUMENTATION_COMMENTS = YES;
				CLANG_WARN_EMPTY_BODY = YES;
				CLANG_WARN_ENUM_CONVERSION = YES;
				CLANG_WARN_INFINITE_RECURSION = YES;
				CLANG_WARN_INT_CONVERSION = YES;
				CLANG_WARN_OBJC_ROOT_CLASS = YES_ERROR;
				CLANG_WARN_SUSPICIOUS_MOVE = YES;
				CLANG_WARN_UNREACHABLE_CODE = YES;
				CLANG_WARN__DUPLICATE_METHOD_MATCH = YES;
				"CODE_SIGN_IDENTITY[sdk=iphoneos*]" = "iPhone Developer";
				COPY_PHASE_STRIP = NO;
				DEBUG_INFORMATION_FORMAT = dwarf;
				ENABLE_STRICT_OBJC_MSGSEND = YES;
				ENABLE_TESTABILITY = YES;
				GCC_C_LANGUAGE_STANDARD = gnu99;
				GCC_DYNAMIC_NO_PIC = NO;
				GCC_NO_COMMON_BLOCKS = YES;
				GCC_OPTIMIZATION_LEVEL = 0;
				GCC_PREPROCESSOR_DEFINITIONS = (
					"DEBUG=1",
					"$(inherited)",
				);
				GCC_WARN_64_TO_32_BIT_CONVERSION = YES;
				GCC_WARN_ABOUT_RETURN_TYPE = YES_ERROR;
				GCC_WARN_UNDECLARED_SELECTOR = YES;
				GCC_WARN_UNINITIALIZED_AUTOS = YES_AGGRESSIVE;
				GCC_WARN_UNUSED_FUNCTION = YES;
				GCC_WARN_UNUSED_VARIABLE = YES;
				IPHONEOS_DEPLOYMENT_TARGET = 10.3;
				MTL_ENABLE_DEBUG_INFO = YES;
				ONLY_ACTIVE_ARCH = YES;
				SDKROOT = iphoneos;
				SWIFT_ACTIVE_COMPILATION_CONDITIONS = DEBUG;
				SWIFT_OPTIMIZATION_LEVEL = "-Onone";
				TARGETED_DEVICE_FAMILY = "1,2";
			};
			name = Debug;
		};
		8AA9F6EA1EFB6DD7007EB173 /* Release */ = {
			isa = XCBuildConfiguration;
			buildSettings = {
				ALWAYS_SEARCH_USER_PATHS = NO;
				CLANG_ANALYZER_NONNULL = YES;
				CLANG_ANALYZER_NUMBER_OBJECT_CONVERSION = YES_AGGRESSIVE;
				CLANG_CXX_LANGUAGE_STANDARD = "gnu++0x";
				CLANG_CXX_LIBRARY = "libc++";
				CLANG_ENABLE_MODULES = YES;
				CLANG_ENABLE_OBJC_ARC = YES;
				CLANG_WARN_BOOL_CONVERSION = YES;
				CLANG_WARN_CONSTANT_CONVERSION = YES;
				CLANG_WARN_DIRECT_OBJC_ISA_USAGE = YES_ERROR;
				CLANG_WARN_DOCUMENTATION_COMMENTS = YES;
				CLANG_WARN_EMPTY_BODY = YES;
				CLANG_WARN_ENUM_CONVERSION = YES;
				CLANG_WARN_INFINITE_RECURSION = YES;
				CLANG_WARN_INT_CONVERSION = YES;
				CLANG_WARN_OBJC_ROOT_CLASS = YES_ERROR;
				CLANG_WARN_SUSPICIOUS_MOVE = YES;
				CLANG_WARN_UNREACHABLE_CODE = YES;
				CLANG_WARN__DUPLICATE_METHOD_MATCH = YES;
				"CODE_SIGN_IDENTITY[sdk=iphoneos*]" = "iPhone Developer";
				COPY_PHASE_STRIP = NO;
				DEBUG_INFORMATION_FORMAT = "dwarf-with-dsym";
				ENABLE_NS_ASSERTIONS = NO;
				ENABLE_STRICT_OBJC_MSGSEND = YES;
				GCC_C_LANGUAGE_STANDARD = gnu99;
				GCC_NO_COMMON_BLOCKS = YES;
				GCC_WARN_64_TO_32_BIT_CONVERSION = YES;
				GCC_WARN_ABOUT_RETURN_TYPE = YES_ERROR;
				GCC_WARN_UNDECLARED_SELECTOR = YES;
				GCC_WARN_UNINITIALIZED_AUTOS = YES_AGGRESSIVE;
				GCC_WARN_UNUSED_FUNCTION = YES;
				GCC_WARN_UNUSED_VARIABLE = YES;
				IPHONEOS_DEPLOYMENT_TARGET = 10.3;
				MTL_ENABLE_DEBUG_INFO = NO;
				SDKROOT = iphoneos;
				SWIFT_OPTIMIZATION_LEVEL = "-Owholemodule";
				TARGETED_DEVICE_FAMILY = "1,2";
				VALIDATE_PRODUCT = YES;
			};
			name = Release;
		};
		8AA9F6EC1EFB6DD7007EB173 /* Debug */ = {
			isa = XCBuildConfiguration;
			buildSettings = {
				ASSETCATALOG_COMPILER_APPICON_NAME = AppIcon;
				DEVELOPMENT_TEAM = W52FYE629M;
				INFOPLIST_FILE = "On The Map/Info.plist";
				LD_RUNPATH_SEARCH_PATHS = "$(inherited) @executable_path/Frameworks";
				PRODUCT_BUNDLE_IDENTIFIER = "com.javondavis.On-The-Map";
				PRODUCT_NAME = "$(TARGET_NAME)";
				SWIFT_VERSION = 3.0;
			};
			name = Debug;
		};
		8AA9F6ED1EFB6DD7007EB173 /* Release */ = {
			isa = XCBuildConfiguration;
			buildSettings = {
				ASSETCATALOG_COMPILER_APPICON_NAME = AppIcon;
				DEVELOPMENT_TEAM = W52FYE629M;
				INFOPLIST_FILE = "On The Map/Info.plist";
				LD_RUNPATH_SEARCH_PATHS = "$(inherited) @executable_path/Frameworks";
				PRODUCT_BUNDLE_IDENTIFIER = "com.javondavis.On-The-Map";
				PRODUCT_NAME = "$(TARGET_NAME)";
				SWIFT_VERSION = 3.0;
			};
			name = Release;
		};
/* End XCBuildConfiguration section */

/* Begin XCConfigurationList section */
		8AA9F6D41EFB6DD7007EB173 /* Build configuration list for PBXProject "On The Map" */ = {
			isa = XCConfigurationList;
			buildConfigurations = (
				8AA9F6E91EFB6DD7007EB173 /* Debug */,
				8AA9F6EA1EFB6DD7007EB173 /* Release */,
			);
			defaultConfigurationIsVisible = 0;
			defaultConfigurationName = Release;
		};
		8AA9F6EB1EFB6DD7007EB173 /* Build configuration list for PBXNativeTarget "On The Map" */ = {
			isa = XCConfigurationList;
			buildConfigurations = (
				8AA9F6EC1EFB6DD7007EB173 /* Debug */,
				8AA9F6ED1EFB6DD7007EB173 /* Release */,
			);
			defaultConfigurationIsVisible = 0;
		};
/* End XCConfigurationList section */
	};
	rootObject = 8AA9F6D11EFB6DD7007EB173 /* Project object */;
}
